
Microsoft Visual Studio Solution File, Format Version 12.00
# Visual Studio 15
VisualStudioVersion = 15.0.28307.572
MinimumVisualStudioVersion = 10.0.40219.1
Project("{00D1A9C2-B5F0-4AF3-8072-F6C62B433612}") = "LearnDBFirst.Database", "LearnDBFirst.Database\LearnDBFirst.Database.sqlproj", "{B77A7386-8FA6-4F95-ABC8-B2BEFBEB0D4D}"
EndProject
Project("{FAE04EC0-301F-11D3-BF4B-00C04F79EFBC}") = "LearnDBFirst.DAL", "LearnDBFirst.DAL\LearnDBFirst.DAL.csproj", "{BDF6E9CE-7883-474E-B1B5-CC6B6419C871}"
EndProject
Global
	GlobalSection(SolutionConfigurationPlatforms) = preSolution
		Debug|Any CPU = Debug|Any CPU
		Release|Any CPU = Release|Any CPU
	EndGlobalSection
	GlobalSection(ProjectConfigurationPlatforms) = postSolution
		{B77A7386-8FA6-4F95-ABC8-B2BEFBEB0D4D}.Debug|Any CPU.ActiveCfg = Debug|Any CPU
		{B77A7386-8FA6-4F95-ABC8-B2BEFBEB0D4D}.Debug|Any CPU.Build.0 = Debug|Any CPU
		{B77A7386-8FA6-4F95-ABC8-B2BEFBEB0D4D}.Debug|Any CPU.Deploy.0 = Debug|Any CPU
		{B77A7386-8FA6-4F95-ABC8-B2BEFBEB0D4D}.Release|Any CPU.ActiveCfg = Release|Any CPU
		{B77A7386-8FA6-4F95-ABC8-B2BEFBEB0D4D}.Release|Any CPU.Build.0 = Release|Any CPU
		{B77A7386-8FA6-4F95-ABC8-B2BEFBEB0D4D}.Release|Any CPU.Deploy.0 = Release|Any CPU
		{BDF6E9CE-7883-474E-B1B5-CC6B6419C871}.Debug|Any CPU.ActiveCfg = Debug|Any CPU
		{BDF6E9CE-7883-474E-B1B5-CC6B6419C871}.Debug|Any CPU.Build.0 = Debug|Any CPU
		{BDF6E9CE-7883-474E-B1B5-CC6B6419C871}.Release|Any CPU.ActiveCfg = Release|Any CPU
		{BDF6E9CE-7883-474E-B1B5-CC6B6419C871}.Release|Any CPU.Build.0 = Release|Any CPU
	EndGlobalSection
	GlobalSection(SolutionProperties) = preSolution
		HideSolutionNode = FALSE
	EndGlobalSection
	GlobalSection(ExtensibilityGlobals) = postSolution
		SolutionGuid = {666425AA-B981-4991-B3DE-B471B75981A3}
	EndGlobalSection
EndGlobal
