
Microsoft Visual Studio Solution File, Format Version 12.00
# Visual Studio 15
VisualStudioVersion = 15.0.28307.572
MinimumVisualStudioVersion = 10.0.40219.1
Project("{FAE04EC0-301F-11D3-BF4B-00C04F79EFBC}") = "LearnDBFirst.DAL", "LearnDBFirst.DAL\LearnDBFirst.DAL.csproj", "{06DA3202-785D-4010-87C1-FB1AFA1B3942}"
EndProject
Global
	GlobalSection(SolutionConfigurationPlatforms) = preSolution
		Debug|Any CPU = Debug|Any CPU
		Release|Any CPU = Release|Any CPU
	EndGlobalSection
	GlobalSection(ProjectConfigurationPlatforms) = postSolution
		{06DA3202-785D-4010-87C1-FB1AFA1B3942}.Debug|Any CPU.ActiveCfg = Debug|Any CPU
		{06DA3202-785D-4010-87C1-FB1AFA1B3942}.Debug|Any CPU.Build.0 = Debug|Any CPU
		{06DA3202-785D-4010-87C1-FB1AFA1B3942}.Release|Any CPU.ActiveCfg = Release|Any CPU
		{06DA3202-785D-4010-87C1-FB1AFA1B3942}.Release|Any CPU.Build.0 = Release|Any CPU
	EndGlobalSection
	GlobalSection(SolutionProperties) = preSolution
		HideSolutionNode = FALSE
	EndGlobalSection
	GlobalSection(ExtensibilityGlobals) = postSolution
		SolutionGuid = {666425AA-B981-4991-B3DE-B471B75981A3}
	EndGlobalSection
EndGlobal
